{
  "version": 4,
  "terraform_version": "1.5.7",
  "serial": 7,
  "lineage": "155bafad-7fcf-d70a-dcfe-3664c95f1755",
  "outputs": {},
  "resources": [
    {
      "mode": "managed",
      "type": "google_cloud_run_v2_job",
      "name": "windows_image_builder",
      "provider": "provider[\"registry.terraform.io/hashicorp/google\"]",
      "instances": [
        {
          "schema_version": 0,
          "attributes": {
            "annotations": {},
            "binary_authorization": [],
            "client": "",
            "client_version": "",
            "conditions": [],
            "create_time": "2026-05-11T10:58:42.243258Z",
            "creator": "rajindergill0925@gmail.com",
            "delete_time": "",
            "deletion_protection": true,
            "effective_annotations": {},
            "effective_labels": {
              "env": "dev",
              "goog-terraform-provisioned": "true",
              "managed": "terraform",
              "os": "windows"
            },
            "etag": "\"CPbyhtAGEIDriyg/cHJvamVjdHMvYmlnLW1lbmRlci00NzMyMTktcjIvbG9jYXRpb25zL3VzLWVhc3Q0L2pvYnMvd2luZG93cy1pbWFnZS1idWlsZGVy\"",
            "execution_count": 1,
            "expire_time": "",
            "generation": "2",
            "id": "projects/big-mender-473219-r2/locations/us-east4/jobs/windows-image-builder",
            "labels": {
              "env": "dev",
              "managed": "terraform",
              "os": "windows"
            },
            "last_modifier": "rajindergill0925@gmail.com",
            "latest_created_execution": [
              {
                "completion_time": "2026-05-11T11:02:06.440669Z",
                "create_time": "2026-05-11T11:00:11.560919Z",
                "name": "windows-image-builder-lgwnx"
              }
            ],
            "launch_stage": "GA",
            "location": "us-east4",
            "name": "windows-image-builder",
            "observed_generation": "2",
            "project": "big-mender-473219-r2",
            "reconciling": false,
            "template": [
              {
                "annotations": {},
                "labels": {},
                "parallelism": 0,
                "task_count": 1,
                "template": [
                  {
                    "containers": [
                      {
                        "args": [],
                        "command": [],
                        "depends_on": [],
                        "env": [
                          {
                            "name": "IMAGE_FAMILY",
                            "value": "pww-windows-2022-customized-dev",
                            "value_source": []
                          },
                          {
                            "name": "INSTALLATION_SOURCE_DIR",
                            "value": "./ansible-playbook",
                            "value_source": []
                          },
                          {
                            "name": "INSTALLATION_TARGET_DIR",
                            "value": "C:/Users/packer_user/installation/",
                            "value_source": []
                          },
                          {
                            "name": "INSTALL_CONDA",
                            "value": "false",
                            "value_source": []
                          },
                          {
                            "name": "INSTALL_ORACLE",
                            "value": "true",
                            "value_source": []
                          },
                          {
                            "name": "INSTALL_RSTUDIO",
                            "value": "true",
                            "value_source": []
                          },
                          {
                            "name": "MACHINE_TYPE",
                            "value": "e2-standard-8",
                            "value_source": []
                          },
                          {
                            "name": "PACKER_TEMPLATE",
                            "value": "customize.pkr.hcl",
                            "value_source": []
                          },
                          {
                            "name": "PROJECT_ID",
                            "value": "big-mender-473219-r2",
                            "value_source": []
                          },
                          {
                            "name": "SERVICE_ACCOUNT_EMAIL",
                            "value": "packer-win-sa@big-mender-473219-r2.iam.gserviceaccount.com",
                            "value_source": []
                          },
                          {
                            "name": "SOURCE_IMAGE_FAMILY",
                            "value": "pww-windows-2022-hardened",
                            "value_source": []
                          },
                          {
                            "name": "SOURCE_IMAGE_PROJECT_ID",
                            "value": "big-mender-473219-r2",
                            "value_source": []
                          },
                          {
                            "name": "WINRM_SECRET",
                            "value": "packer-winrm-password",
                            "value_source": []
                          },
                          {
                            "name": "ZONE",
                            "value": "us-east4-b",
                            "value_source": []
                          }
                        ],
                        "image": "us-east4-docker.pkg.dev/big-mender-473219-r2/packer-images/windows-packer-customizer:latest",
                        "name": "windows-packer-builder",
                        "ports": [],
                        "resources": [
                          {
                            "limits": {
                              "cpu": "2",
                              "memory": "4Gi"
                            }
                          }
                        ],
                        "startup_probe": [],
                        "volume_mounts": [],
                        "working_dir": ""
                      }
                    ],
                    "encryption_key": "",
                    "execution_environment": "EXECUTION_ENVIRONMENT_GEN2",
                    "gpu_zonal_redundancy_disabled": false,
                    "max_retries": 1,
                    "node_selector": [],
                    "service_account": "packer-win-sa@big-mender-473219-r2.iam.gserviceaccount.com",
                    "timeout": "3600s",
                    "volumes": [],
                    "vpc_access": [
                      {
                        "connector": "",
                        "egress": "ALL_TRAFFIC",
                        "network_interfaces": [
                          {
                            "network": "app-network",
                            "subnetwork": "app-subnet1",
                            "tags": []
                          }
                        ]
                      }
                    ]
                  }
                ]
              }
            ],
            "terminal_condition": [
              {
                "execution_reason": "",
                "last_transition_time": "",
                "message": "",
                "reason": "",
                "revision_reason": "",
                "severity": "",
                "state": "CONDITION_SUCCEEDED",
                "type": "Ready"
              }
            ],
            "terraform_labels": {
              "env": "dev",
              "goog-terraform-provisioned": "true",
              "managed": "terraform",
              "os": "windows"
            },
            "timeouts": null,
            "uid": "d9fbde7e-0dc3-4e5a-a845-11510dcb8dfb",
            "update_time": "2026-05-11T11:11:50.084080Z"
          },
          "sensitive_attributes": [],
          "private": "eyJlMmJmYjczMC1lY2FhLTExZTYtOGY4OC0zNDM2M2JjN2M0YzAiOnsiY3JlYXRlIjoxMjAwMDAwMDAwMDAwLCJkZWxldGUiOjEyMDAwMDAwMDAwMDAsInVwZGF0ZSI6MTIwMDAwMDAwMDAwMH19"
        }
      ]
    },
    {
      "mode": "managed",
      "type": "google_cloud_scheduler_job",
      "name": "windows_image_builder_schedule",
      "provider": "provider[\"registry.terraform.io/hashicorp/google\"]",
      "instances": [
        {
          "schema_version": 0,
          "attributes": {
            "app_engine_http_target": [],
            "attempt_deadline": "1800s",
            "description": "Scheduled build of the parameterized Windows image",
            "http_target": [
              {
                "body": "eyJvdmVycmlkZXMiOnsiY29udGFpbmVyT3ZlcnJpZGVzIjpbeyJlbnYiOlt7Im5hbWUiOiJJTlNUQUxMX09SQUNMRSIsInZhbHVlIjoidHJ1ZSJ9LHsibmFtZSI6IklOU1RBTExfUlNUVURJTyIsInZhbHVlIjoidHJ1ZSJ9LHsibmFtZSI6IklOU1RBTExfQ09OREEiLCJ2YWx1ZSI6ImZhbHNlIn1dLCJuYW1lIjoid2luZG93cy1wYWNrZXItYnVpbGRlciJ9XX19",
                "headers": {
                  "Content-Type": "application/json"
                },
                "http_method": "POST",
                "oauth_token": [
                  {
                    "scope": "https://www.googleapis.com/auth/cloud-platform",
                    "service_account_email": "packer-win-sa@big-mender-473219-r2.iam.gserviceaccount.com"
                  }
                ],
                "oidc_token": [],
                "uri": "https://us-east4-run.googleapis.com/apis/run.googleapis.com/v1/namespaces/big-mender-473219-r2/jobs/windows-image-builder:run"
              }
            ],
            "id": "projects/big-mender-473219-r2/locations/us-east4/jobs/windows-image-builder-schedule",
            "name": "windows-image-builder-schedule",
            "paused": false,
            "project": "big-mender-473219-r2",
            "pubsub_target": [],
            "region": "us-east4",
            "retry_config": [
              {
                "max_backoff_duration": "3600s",
                "max_doublings": 5,
                "max_retry_duration": "0s",
                "min_backoff_duration": "5s",
                "retry_count": 1
              }
            ],
            "schedule": "0 2 * * 1",
            "state": "ENABLED",
            "time_zone": "UTC",
            "timeouts": null
          },
          "sensitive_attributes": [],
          "private": "eyJlMmJmYjczMC1lY2FhLTExZTYtOGY4OC0zNDM2M2JjN2M0YzAiOnsiY3JlYXRlIjoxMjAwMDAwMDAwMDAwLCJkZWxldGUiOjEyMDAwMDAwMDAwMDAsInVwZGF0ZSI6MTIwMDAwMDAwMDAwMH19",
          "dependencies": [
            "google_cloud_run_v2_job.windows_image_builder"
          ]
        }
      ]
    }
  ],
  "check_results": null
}
